
Microsoft Visual Studio Solution File, Format Version 12.00
# Visual Studio Version 17
VisualStudioVersion = 17.7.34009.444
MinimumVisualStudioVersion = 10.0.40219.1
Project("{FAE04EC0-301F-11D3-BF4B-00C04F79EFBC}") = "DungeonOfSparta", "DungeonOfSparta.csproj", "{8BA27524-330D-4959-B66B-0F032C92DC41}"
EndProject
Global
	GlobalSection(SolutionConfigurationPlatforms) = preSolution
		Debug|Any CPU = Debug|Any CPU
		Release|Any CPU = Release|Any CPU
	EndGlobalSection
	GlobalSection(ProjectConfigurationPlatforms) = postSolution
		{8BA27524-330D-4959-B66B-0F032C92DC41}.Debug|Any CPU.ActiveCfg = Debug|Any CPU
		{8BA27524-330D-4959-B66B-0F032C92DC41}.Debug|Any CPU.Build.0 = Debug|Any CPU
		{8BA27524-330D-4959-B66B-0F032C92DC41}.Release|Any CPU.ActiveCfg = Release|Any CPU
		{8BA27524-330D-4959-B66B-0F032C92DC41}.Release|Any CPU.Build.0 = Release|Any CPU
	EndGlobalSection
	GlobalSection(SolutionProperties) = preSolution
		HideSolutionNode = FALSE
	EndGlobalSection
	GlobalSection(ExtensibilityGlobals) = postSolution
		SolutionGuid = {E4013276-D087-48E8-A097-B0CC5DD7787B}
	EndGlobalSection
EndGlobal
